
Microsoft Visual Studio Solution File, Format Version 12.00
# Visual Studio Version 16
VisualStudioVersion = 16.0.29503.13
MinimumVisualStudioVersion = 10.0.40219.1
Project("{FAE04EC0-301F-11D3-BF4B-00C04F79EFBC}") = "EmployeeRegister2.0", "EmployeeRegister2.0\EmployeeRegister2.0.csproj", "{C12C39FE-9844-484F-8675-CD7659BAF1B6}"
EndProject
Global
	GlobalSection(SolutionConfigurationPlatforms) = preSolution
		Debug|Any CPU = Debug|Any CPU
		Release|Any CPU = Release|Any CPU
	EndGlobalSection
	GlobalSection(ProjectConfigurationPlatforms) = postSolution
		{C12C39FE-9844-484F-8675-CD7659BAF1B6}.Debug|Any CPU.ActiveCfg = Debug|Any CPU
		{C12C39FE-9844-484F-8675-CD7659BAF1B6}.Debug|Any CPU.Build.0 = Debug|Any CPU
		{C12C39FE-9844-484F-8675-CD7659BAF1B6}.Release|Any CPU.ActiveCfg = Release|Any CPU
		{C12C39FE-9844-484F-8675-CD7659BAF1B6}.Release|Any CPU.Build.0 = Release|Any CPU
	EndGlobalSection
	GlobalSection(SolutionProperties) = preSolution
		HideSolutionNode = FALSE
	EndGlobalSection
	GlobalSection(ExtensibilityGlobals) = postSolution
		SolutionGuid = {D8781CA0-D1C9-4BBD-935E-AED8CC746FF2}
	EndGlobalSection
EndGlobal
